Microsoft Visual Studio Solution File, Format Version 12.00
# Visual Studio 2012
Project("{FAE04EC0-301F-11D3-BF4B-00C04F79EFBC}") = "Dodge This tutorial project", "Dodge This tutorial project.csproj", "{7DA6A794-0D22-44A6-AA01-E24D18BE322D}"
EndProject
Global
	GlobalSection(SolutionConfigurationPlatforms) = preSolution
	Debug|Any CPU = Debug|Any CPU
	ExportDebug|Any CPU = ExportDebug|Any CPU
	ExportRelease|Any CPU = ExportRelease|Any CPU
	EndGlobalSection
	GlobalSection(ProjectConfigurationPlatforms) = postSolution
		{7DA6A794-0D22-44A6-AA01-E24D18BE322D}.Debug|Any CPU.ActiveCfg = Debug|Any CPU
		{7DA6A794-0D22-44A6-AA01-E24D18BE322D}.Debug|Any CPU.Build.0 = Debug|Any CPU
		{7DA6A794-0D22-44A6-AA01-E24D18BE322D}.ExportDebug|Any CPU.ActiveCfg = ExportDebug|Any CPU
		{7DA6A794-0D22-44A6-AA01-E24D18BE322D}.ExportDebug|Any CPU.Build.0 = ExportDebug|Any CPU
		{7DA6A794-0D22-44A6-AA01-E24D18BE322D}.ExportRelease|Any CPU.ActiveCfg = ExportRelease|Any CPU
		{7DA6A794-0D22-44A6-AA01-E24D18BE322D}.ExportRelease|Any CPU.Build.0 = ExportRelease|Any CPU
	EndGlobalSection
EndGlobal
